
Microsoft Visual Studio Solution File, Format Version 12.00
# Visual Studio Version 17
VisualStudioVersion = 17.0.32014.148
MinimumVisualStudioVersion = 10.0.40219.1
Project("{9A19103F-16F7-4668-BE54-9A1E7A4F7556}") = "auktioner", "auktioner\auktioner.csproj", "{FA7E455B-D281-4811-88A2-C111BA0AEE4F}"
EndProject
Project("{FAE04EC0-301F-11D3-BF4B-00C04F79EFBC}") = "auktioner-test", "auktioner-test\auktioner-test.csproj", "{48A00BB9-D848-4BF4-9E51-2AE5B93531D7}"
EndProject
Global
	GlobalSection(SolutionConfigurationPlatforms) = preSolution
		Debug|Any CPU = Debug|Any CPU
		Release|Any CPU = Release|Any CPU
	EndGlobalSection
	GlobalSection(ProjectConfigurationPlatforms) = postSolution
		{FA7E455B-D281-4811-88A2-C111BA0AEE4F}.Debug|Any CPU.ActiveCfg = Debug|Any CPU
		{FA7E455B-D281-4811-88A2-C111BA0AEE4F}.Debug|Any CPU.Build.0 = Debug|Any CPU
		{FA7E455B-D281-4811-88A2-C111BA0AEE4F}.Release|Any CPU.ActiveCfg = Release|Any CPU
		{FA7E455B-D281-4811-88A2-C111BA0AEE4F}.Release|Any CPU.Build.0 = Release|Any CPU
		{48A00BB9-D848-4BF4-9E51-2AE5B93531D7}.Debug|Any CPU.ActiveCfg = Debug|Any CPU
		{48A00BB9-D848-4BF4-9E51-2AE5B93531D7}.Debug|Any CPU.Build.0 = Debug|Any CPU
		{48A00BB9-D848-4BF4-9E51-2AE5B93531D7}.Release|Any CPU.ActiveCfg = Release|Any CPU
		{48A00BB9-D848-4BF4-9E51-2AE5B93531D7}.Release|Any CPU.Build.0 = Release|Any CPU
	EndGlobalSection
	GlobalSection(SolutionProperties) = preSolution
		HideSolutionNode = FALSE
	EndGlobalSection
	GlobalSection(ExtensibilityGlobals) = postSolution
		SolutionGuid = {F6503AE7-FEB7-4B86-ADAF-7AA79DC7FEFD}
	EndGlobalSection
EndGlobal
